# This file is automatically @generated by Cargo.
# It is not intended for manual editing.
version = 4

[[package]]
name = "curve25519"
version = "0.1.0"

[[package]]
name = "curve25519-cuda"
version = "0.1.0"

[[package]]
name = "curve25519-derive"
version = "0.1.0"

[[package]]
name = "ed25519-heea"
version = "0.1.0"
